// !$*UTF8*$!
{
	archiveVersion = 1;
	classes = {
	};
	objectVersion = 48;
	objects = {

/* Begin PBXBuildFile section */
		012E31021FAE2BB800C75429 /* test_threaded_states3.hpp in Headers */ = {isa = PBXBuildFile; fileRef = 012E31011FAE2BB800C75429 /* test_threaded_states3.hpp */; };
		0156F19A1FB1431C00169154 /* libEXPUtil.a in Frameworks */ = {isa = PBXBuildFile; fileRef = 0156F1991FB1431C00169154 /* libEXPUtil.a */; };
		0156F19B1FB1433700169154 /* libEXPUtil.a in Frameworks */ = {isa = PBXBuildFile; fileRef = 0156F1991FB1431C00169154 /* libEXPUtil.a */; };
		0157646D1FAF7EFE00000957 /* EXP_ASSERT.h in Headers */ = {isa = PBXBuildFile; fileRef = 0157646C1FAF7EFE00000957 /* EXP_ASSERT.h */; };
		01C9DB2A1FA4CAE3009928B1 /* libEXPGL.dylib in Frameworks */ = {isa = PBXBuildFile; fileRef = 01C9DB291FA4CAE3009928B1 /* libEXPGL.dylib */; };
		01C9DB321FA4CD1E009928B1 /* TargetXY.cpp in Sources */ = {isa = PBXBuildFile; fileRef = 01C9DB301FA4CD1E009928B1 /* TargetXY.cpp */; };
		01C9DB331FA4CD1E009928B1 /* TargetXY.hpp in Headers */ = {isa = PBXBuildFile; fileRef = 01C9DB311FA4CD1E009928B1 /* TargetXY.hpp */; };
		01C9DB371FA4CD6D009928B1 /* BoundsXY.hpp in Headers */ = {isa = PBXBuildFile; fileRef = 01C9DB351FA4CD6D009928B1 /* BoundsXY.hpp */; };
		01C9DB431FA4DF0B009928B1 /* EXP.hpp in Headers */ = {isa = PBXBuildFile; fileRef = 01C9DB421FA4DF0B009928B1 /* EXP.hpp */; };
		01C9DB491FA4DF85009928B1 /* basic.hpp in Headers */ = {isa = PBXBuildFile; fileRef = 01C9DB471FA4DF85009928B1 /* basic.hpp */; };
		01C9DB581FA4E0A6009928B1 /* main.cpp in Sources */ = {isa = PBXBuildFile; fileRef = 01C9DB4A1FA4DF97009928B1 /* main.cpp */; };
		01C9DB591FA4E0BF009928B1 /* main.cpp in Sources */ = {isa = PBXBuildFile; fileRef = 01C9DB4A1FA4DF97009928B1 /* main.cpp */; };
		01C9DB5A1FA4E2E8009928B1 /* libEXPGL.dylib in Frameworks */ = {isa = PBXBuildFile; fileRef = 01C9DB291FA4CAE3009928B1 /* libEXPGL.dylib */; };
		01C9DB761FA4EB1B009928B1 /* State.hpp in Headers */ = {isa = PBXBuildFile; fileRef = 01C9DB741FA4EB1B009928B1 /* State.hpp */; };
		01D2DEFA1FA66CA1002AE43D /* Timings.hpp in Headers */ = {isa = PBXBuildFile; fileRef = 01D2DEF91FA66C9E002AE43D /* Timings.hpp */; };
		01D2DEFE1FA6727C002AE43D /* exit_conditions.hpp in Headers */ = {isa = PBXBuildFile; fileRef = 01D2DEFC1FA6727C002AE43D /* exit_conditions.hpp */; };
		01D2DF001FA67568002AE43D /* State.cpp in Sources */ = {isa = PBXBuildFile; fileRef = 01D2DEFF1FA67568002AE43D /* State.cpp */; };
		01D2DF041FA68123002AE43D /* Task.hpp in Headers */ = {isa = PBXBuildFile; fileRef = 01D2DF021FA68123002AE43D /* Task.hpp */; };
		01D2DF061FA6826A002AE43D /* Task.cpp in Sources */ = {isa = PBXBuildFile; fileRef = 01D2DF051FA6826A002AE43D /* Task.cpp */; };
		01D2DF081FA6B24B002AE43D /* test_states.hpp in Headers */ = {isa = PBXBuildFile; fileRef = 01D2DF071FA6B249002AE43D /* test_states.hpp */; };
		01D540B41FA618F600380DE3 /* BoundsRectangle.cpp in Sources */ = {isa = PBXBuildFile; fileRef = 01D540B21FA618F600380DE3 /* BoundsRectangle.cpp */; };
		01D540B51FA618F600380DE3 /* BoundsRectangle.hpp in Headers */ = {isa = PBXBuildFile; fileRef = 01D540B31FA618F600380DE3 /* BoundsRectangle.hpp */; };
		01D540B71FA6206700380DE3 /* threading2.hpp in Headers */ = {isa = PBXBuildFile; fileRef = 01CE37BA1FA54D7000207011 /* threading2.hpp */; };
		01D540B81FA6207000380DE3 /* threading1.hpp in Headers */ = {isa = PBXBuildFile; fileRef = 01CF14591FA52FB200512E1A /* threading1.hpp */; };
		01D540BF1FA6222500380DE3 /* libEXP.a in Frameworks */ = {isa = PBXBuildFile; fileRef = 01D540BE1FA6222500380DE3 /* libEXP.a */; };
		01D540C41FA6356A00380DE3 /* Keeper.cpp in Sources */ = {isa = PBXBuildFile; fileRef = 01D540C21FA6356A00380DE3 /* Keeper.cpp */; };
		01D540C51FA6356A00380DE3 /* Keeper.hpp in Headers */ = {isa = PBXBuildFile; fileRef = 01D540C31FA6356A00380DE3 /* Keeper.hpp */; };
		01D540C81FA63C5E00380DE3 /* Timer.cpp in Sources */ = {isa = PBXBuildFile; fileRef = 01D540C61FA63C5E00380DE3 /* Timer.cpp */; };
		01D540C91FA63C5E00380DE3 /* Timer.hpp in Headers */ = {isa = PBXBuildFile; fileRef = 01D540C71FA63C5E00380DE3 /* Timer.hpp */; };
		01D7A2F61FAAAEA600A49499 /* test_threaded_states.hpp in Headers */ = {isa = PBXBuildFile; fileRef = 01D7A2F51FAAAEA600A49499 /* test_threaded_states.hpp */; };
		01DAAD001FAE99EB00C0A2E3 /* StatePrimitive.cpp in Sources */ = {isa = PBXBuildFile; fileRef = 01DAACFE1FAE99EB00C0A2E3 /* StatePrimitive.cpp */; };
		01DAAD011FAE99EC00C0A2E3 /* StatePrimitive.hpp in Headers */ = {isa = PBXBuildFile; fileRef = 01DAACFF1FAE99EB00C0A2E3 /* StatePrimitive.hpp */; };
		01DAD9801FA808CA00EF8B43 /* exit_conditions.cpp in Sources */ = {isa = PBXBuildFile; fileRef = 01DAD97F1FA808CA00EF8B43 /* exit_conditions.cpp */; };
		01EA09D81FABF62E003B32FB /* test_threaded_states2.hpp in Headers */ = {isa = PBXBuildFile; fileRef = 01EA09D71FABF62E003B32FB /* test_threaded_states2.hpp */; };
/* End PBXBuildFile section */

/* Begin PBXCopyFilesBuildPhase section */
		01C9DB4E1FA4DFD9009928B1 /* CopyFiles */ = {
			isa = PBXCopyFilesBuildPhase;
			buildActionMask = 2147483647;
			dstPath = /usr/share/man/man1/;
			dstSubfolderSpec = 0;
			files = (
			);
			runOnlyForDeploymentPostprocessing = 1;
		};
/* End PBXCopyFilesBuildPhase section */

/* Begin PBXFileReference section */
		012E31011FAE2BB800C75429 /* test_threaded_states3.hpp */ = {isa = PBXFileReference; lastKnownFileType = sourcecode.cpp.h; path = test_threaded_states3.hpp; sourceTree = "<group>"; };
		0156F1991FB1431C00169154 /* libEXPUtil.a */ = {isa = PBXFileReference; lastKnownFileType = archive.ar; name = libEXPUtil.a; path = ../../../../../../../usr/local/lib/libEXPUtil.a; sourceTree = "<group>"; };
		0157646C1FAF7EFE00000957 /* EXP_ASSERT.h */ = {isa = PBXFileReference; lastKnownFileType = sourcecode.c.h; path = EXP_ASSERT.h; sourceTree = "<group>"; };
		01C9DB1A1FA4CAC4009928B1 /* libEXP.a */ = {isa = PBXFileReference; explicitFileType = archive.ar; includeInIndex = 0; path = libEXP.a; sourceTree = BUILT_PRODUCTS_DIR; };
		01C9DB291FA4CAE3009928B1 /* libEXPGL.dylib */ = {isa = PBXFileReference; lastKnownFileType = "compiled.mach-o.dylib"; name = libEXPGL.dylib; path = ../../../../../../../usr/local/lib/libEXPGL.dylib; sourceTree = "<group>"; };
		01C9DB301FA4CD1E009928B1 /* TargetXY.cpp */ = {isa = PBXFileReference; lastKnownFileType = sourcecode.cpp.cpp; path = TargetXY.cpp; sourceTree = "<group>"; };
		01C9DB311FA4CD1E009928B1 /* TargetXY.hpp */ = {isa = PBXFileReference; lastKnownFileType = sourcecode.cpp.h; path = TargetXY.hpp; sourceTree = "<group>"; };
		01C9DB351FA4CD6D009928B1 /* BoundsXY.hpp */ = {isa = PBXFileReference; lastKnownFileType = sourcecode.cpp.h; path = BoundsXY.hpp; sourceTree = "<group>"; };
		01C9DB421FA4DF0B009928B1 /* EXP.hpp */ = {isa = PBXFileReference; lastKnownFileType = sourcecode.cpp.h; path = EXP.hpp; sourceTree = "<group>"; };
		01C9DB471FA4DF85009928B1 /* basic.hpp */ = {isa = PBXFileReference; lastKnownFileType = sourcecode.cpp.h; path = basic.hpp; sourceTree = "<group>"; };
		01C9DB4A1FA4DF97009928B1 /* main.cpp */ = {isa = PBXFileReference; lastKnownFileType = sourcecode.cpp.cpp; path = main.cpp; sourceTree = "<group>"; };
		01C9DB501FA4DFD9009928B1 /* exp_test */ = {isa = PBXFileReference; explicitFileType = "compiled.mach-o.executable"; includeInIndex = 0; path = exp_test; sourceTree = BUILT_PRODUCTS_DIR; };
		01C9DB741FA4EB1B009928B1 /* State.hpp */ = {isa = PBXFileReference; lastKnownFileType = sourcecode.cpp.h; path = State.hpp; sourceTree = "<group>"; };
		01CE37BA1FA54D7000207011 /* threading2.hpp */ = {isa = PBXFileReference; lastKnownFileType = sourcecode.cpp.h; path = threading2.hpp; sourceTree = "<group>"; };
		01CF14591FA52FB200512E1A /* threading1.hpp */ = {isa = PBXFileReference; lastKnownFileType = sourcecode.cpp.h; path = threading1.hpp; sourceTree = "<group>"; };
		01D2DEF91FA66C9E002AE43D /* Timings.hpp */ = {isa = PBXFileReference; lastKnownFileType = sourcecode.cpp.h; path = Timings.hpp; sourceTree = "<group>"; };
		01D2DEFC1FA6727C002AE43D /* exit_conditions.hpp */ = {isa = PBXFileReference; lastKnownFileType = sourcecode.cpp.h; path = exit_conditions.hpp; sourceTree = "<group>"; };
		01D2DEFF1FA67568002AE43D /* State.cpp */ = {isa = PBXFileReference; lastKnownFileType = sourcecode.cpp.cpp; path = State.cpp; sourceTree = "<group>"; };
		01D2DF021FA68123002AE43D /* Task.hpp */ = {isa = PBXFileReference; lastKnownFileType = sourcecode.cpp.h; path = Task.hpp; sourceTree = "<group>"; };
		01D2DF051FA6826A002AE43D /* Task.cpp */ = {isa = PBXFileReference; fileEncoding = 4; lastKnownFileType = sourcecode.cpp.cpp; path = Task.cpp; sourceTree = "<group>"; };
		01D2DF071FA6B249002AE43D /* test_states.hpp */ = {isa = PBXFileReference; lastKnownFileType = sourcecode.cpp.h; path = test_states.hpp; sourceTree = "<group>"; };
		01D540B21FA618F600380DE3 /* BoundsRectangle.cpp */ = {isa = PBXFileReference; lastKnownFileType = sourcecode.cpp.cpp; path = BoundsRectangle.cpp; sourceTree = "<group>"; };
		01D540B31FA618F600380DE3 /* BoundsRectangle.hpp */ = {isa = PBXFileReference; lastKnownFileType = sourcecode.cpp.h; path = BoundsRectangle.hpp; sourceTree = "<group>"; };
		01D540BD1FA620F600380DE3 /* test_bounds.hpp */ = {isa = PBXFileReference; lastKnownFileType = sourcecode.cpp.h; path = test_bounds.hpp; sourceTree = "<group>"; };
		01D540BE1FA6222500380DE3 /* libEXP.a */ = {isa = PBXFileReference; lastKnownFileType = archive.ar; name = libEXP.a; path = ../../../../../../../usr/local/lib/libEXP.a; sourceTree = "<group>"; };
		01D540C21FA6356A00380DE3 /* Keeper.cpp */ = {isa = PBXFileReference; lastKnownFileType = sourcecode.cpp.cpp; path = Keeper.cpp; sourceTree = "<group>"; };
		01D540C31FA6356A00380DE3 /* Keeper.hpp */ = {isa = PBXFileReference; lastKnownFileType = sourcecode.cpp.h; path = Keeper.hpp; sourceTree = "<group>"; };
		01D540C61FA63C5E00380DE3 /* Timer.cpp */ = {isa = PBXFileReference; lastKnownFileType = sourcecode.cpp.cpp; path = Timer.cpp; sourceTree = "<group>"; };
		01D540C71FA63C5E00380DE3 /* Timer.hpp */ = {isa = PBXFileReference; lastKnownFileType = sourcecode.cpp.h; path = Timer.hpp; sourceTree = "<group>"; };
		01D540CA1FA63D3700380DE3 /* test_time.hpp */ = {isa = PBXFileReference; lastKnownFileType = sourcecode.cpp.h; path = test_time.hpp; sourceTree = "<group>"; };
		01D7A2F51FAAAEA600A49499 /* test_threaded_states.hpp */ = {isa = PBXFileReference; lastKnownFileType = sourcecode.cpp.h; path = test_threaded_states.hpp; sourceTree = "<group>"; };
		01DAACFE1FAE99EB00C0A2E3 /* StatePrimitive.cpp */ = {isa = PBXFileReference; lastKnownFileType = sourcecode.cpp.cpp; path = StatePrimitive.cpp; sourceTree = "<group>"; };
		01DAACFF1FAE99EB00C0A2E3 /* StatePrimitive.hpp */ = {isa = PBXFileReference; lastKnownFileType = sourcecode.cpp.h; path = StatePrimitive.hpp; sourceTree = "<group>"; };
		01DAD97F1FA808CA00EF8B43 /* exit_conditions.cpp */ = {isa = PBXFileReference; lastKnownFileType = sourcecode.cpp.cpp; path = exit_conditions.cpp; sourceTree = "<group>"; };
		01EA09D71FABF62E003B32FB /* test_threaded_states2.hpp */ = {isa = PBXFileReference; lastKnownFileType = sourcecode.cpp.h; path = test_threaded_states2.hpp; sourceTree = "<group>"; };
/* End PBXFileReference section */

/* Begin PBXFrameworksBuildPhase section */
		01C9DB171FA4CAC4009928B1 /* Frameworks */ = {
			isa = PBXFrameworksBuildPhase;
			buildActionMask = 2147483647;
			files = (
				0156F19B1FB1433700169154 /* libEXPUtil.a in Frameworks */,
				01C9DB2A1FA4CAE3009928B1 /* libEXPGL.dylib in Frameworks */,
			);
			runOnlyForDeploymentPostprocessing = 0;
		};
		01C9DB4D1FA4DFD9009928B1 /* Frameworks */ = {
			isa = PBXFrameworksBuildPhase;
			buildActionMask = 2147483647;
			files = (
				01C9DB5A1FA4E2E8009928B1 /* libEXPGL.dylib in Frameworks */,
				01D540BF1FA6222500380DE3 /* libEXP.a in Frameworks */,
				0156F19A1FB1431C00169154 /* libEXPUtil.a in Frameworks */,
			);
			runOnlyForDeploymentPostprocessing = 0;
		};
/* End PBXFrameworksBuildPhase section */

/* Begin PBXGroup section */
		01C9DB111FA4CAC4009928B1 = {
			isa = PBXGroup;
			children = (
				01C9DB441FA4DF68009928B1 /* test */,
				01C9DB411FA4DEF4009928B1 /* include */,
				01C9DB1C1FA4CAC4009928B1 /* EXP */,
				01C9DB1B1FA4CAC4009928B1 /* Products */,
				01C9DB281FA4CAE3009928B1 /* Frameworks */,
			);
			sourceTree = "<group>";
		};
		01C9DB1B1FA4CAC4009928B1 /* Products */ = {
			isa = PBXGroup;
			children = (
				01C9DB1A1FA4CAC4009928B1 /* libEXP.a */,
				01C9DB501FA4DFD9009928B1 /* exp_test */,
			);
			name = Products;
			sourceTree = "<group>";
		};
		01C9DB1C1FA4CAC4009928B1 /* EXP */ = {
			isa = PBXGroup;
			children = (
				01D540C11FA6356100380DE3 /* Time */,
				01CF14501FA50F7000512E1A /* Util */,
				01C9DB721FA4EB10009928B1 /* State */,
				01C9DB2B1FA4CB2C009928B1 /* Tracking */,
			);
			path = EXP;
			sourceTree = "<group>";
		};
		01C9DB281FA4CAE3009928B1 /* Frameworks */ = {
			isa = PBXGroup;
			children = (
				0156F1991FB1431C00169154 /* libEXPUtil.a */,
				01D540BE1FA6222500380DE3 /* libEXP.a */,
				01C9DB291FA4CAE3009928B1 /* libEXPGL.dylib */,
			);
			name = Frameworks;
			sourceTree = "<group>";
		};
		01C9DB2B1FA4CB2C009928B1 /* Tracking */ = {
			isa = PBXGroup;
			children = (
				01C9DB301FA4CD1E009928B1 /* TargetXY.cpp */,
				01C9DB311FA4CD1E009928B1 /* TargetXY.hpp */,
				01C9DB351FA4CD6D009928B1 /* BoundsXY.hpp */,
				01D540B21FA618F600380DE3 /* BoundsRectangle.cpp */,
				01D540B31FA618F600380DE3 /* BoundsRectangle.hpp */,
			);
			path = Tracking;
			sourceTree = "<group>";
		};
		01C9DB411FA4DEF4009928B1 /* include */ = {
			isa = PBXGroup;
			children = (
				01C9DB421FA4DF0B009928B1 /* EXP.hpp */,
			);
			path = include;
			sourceTree = "<group>";
		};
		01C9DB441FA4DF68009928B1 /* test */ = {
			isa = PBXGroup;
			children = (
				01C9DB451FA4DF71009928B1 /* basic */,
				01C9DB4A1FA4DF97009928B1 /* main.cpp */,
			);
			path = test;
			sourceTree = "<group>";
		};
		01C9DB451FA4DF71009928B1 /* basic */ = {
			isa = PBXGroup;
			children = (
				01C9DB471FA4DF85009928B1 /* basic.hpp */,
				01CF14591FA52FB200512E1A /* threading1.hpp */,
				01CE37BA1FA54D7000207011 /* threading2.hpp */,
				01D540BD1FA620F600380DE3 /* test_bounds.hpp */,
				01D540CA1FA63D3700380DE3 /* test_time.hpp */,
				01D2DF071FA6B249002AE43D /* test_states.hpp */,
				01D7A2F51FAAAEA600A49499 /* test_threaded_states.hpp */,
				01EA09D71FABF62E003B32FB /* test_threaded_states2.hpp */,
				012E31011FAE2BB800C75429 /* test_threaded_states3.hpp */,
			);
			path = basic;
			sourceTree = "<group>";
		};
		01C9DB721FA4EB10009928B1 /* State */ = {
			isa = PBXGroup;
			children = (
				01C9DB741FA4EB1B009928B1 /* State.hpp */,
				01D2DEFF1FA67568002AE43D /* State.cpp */,
				01D2DEFC1FA6727C002AE43D /* exit_conditions.hpp */,
				01DAD97F1FA808CA00EF8B43 /* exit_conditions.cpp */,
				01D2DF051FA6826A002AE43D /* Task.cpp */,
				01D2DF021FA68123002AE43D /* Task.hpp */,
				01DAACFE1FAE99EB00C0A2E3 /* StatePrimitive.cpp */,
				01DAACFF1FAE99EB00C0A2E3 /* StatePrimitive.hpp */,
			);
			path = State;
			sourceTree = "<group>";
		};
		01CF14501FA50F7000512E1A /* Util */ = {
			isa = PBXGroup;
			children = (
				0157646C1FAF7EFE00000957 /* EXP_ASSERT.h */,
			);
			path = Util;
			sourceTree = "<group>";
		};
		01D540C11FA6356100380DE3 /* Time */ = {
			isa = PBXGroup;
			children = (
				01D540C21FA6356A00380DE3 /* Keeper.cpp */,
				01D540C31FA6356A00380DE3 /* Keeper.hpp */,
				01D540C61FA63C5E00380DE3 /* Timer.cpp */,
				01D540C71FA63C5E00380DE3 /* Timer.hpp */,
				01D2DEF91FA66C9E002AE43D /* Timings.hpp */,
			);
			path = Time;
			sourceTree = "<group>";
		};
/* End PBXGroup section */

/* Begin PBXHeadersBuildPhase section */
		01C9DB181FA4CAC4009928B1 /* Headers */ = {
			isa = PBXHeadersBuildPhase;
			buildActionMask = 2147483647;
			files = (
				01DAAD011FAE99EC00C0A2E3 /* StatePrimitive.hpp in Headers */,
				01D2DF081FA6B24B002AE43D /* test_states.hpp in Headers */,
				01D7A2F61FAAAEA600A49499 /* test_threaded_states.hpp in Headers */,
				01D540C91FA63C5E00380DE3 /* Timer.hpp in Headers */,
				0157646D1FAF7EFE00000957 /* EXP_ASSERT.h in Headers */,
				01D540B81FA6207000380DE3 /* threading1.hpp in Headers */,
				01C9DB371FA4CD6D009928B1 /* BoundsXY.hpp in Headers */,
				01C9DB331FA4CD1E009928B1 /* TargetXY.hpp in Headers */,
				01C9DB761FA4EB1B009928B1 /* State.hpp in Headers */,
				01D540B51FA618F600380DE3 /* BoundsRectangle.hpp in Headers */,
				01D2DEFE1FA6727C002AE43D /* exit_conditions.hpp in Headers */,
				01D540B71FA6206700380DE3 /* threading2.hpp in Headers */,
				01C9DB431FA4DF0B009928B1 /* EXP.hpp in Headers */,
				012E31021FAE2BB800C75429 /* test_threaded_states3.hpp in Headers */,
				01D2DF041FA68123002AE43D /* Task.hpp in Headers */,
				01EA09D81FABF62E003B32FB /* test_threaded_states2.hpp in Headers */,
				01D2DEFA1FA66CA1002AE43D /* Timings.hpp in Headers */,
				01D540C51FA6356A00380DE3 /* Keeper.hpp in Headers */,
				01C9DB491FA4DF85009928B1 /* basic.hpp in Headers */,
			);
			runOnlyForDeploymentPostprocessing = 0;
		};
/* End PBXHeadersBuildPhase section */

/* Begin PBXNativeTarget section */
		01C9DB191FA4CAC4009928B1 /* EXP */ = {
			isa = PBXNativeTarget;
			buildConfigurationList = 01C9DB251FA4CAC4009928B1 /* Build configuration list for PBXNativeTarget "EXP" */;
			buildPhases = (
				01C9DB161FA4CAC4009928B1 /* Sources */,
				01C9DB171FA4CAC4009928B1 /* Frameworks */,
				01C9DB181FA4CAC4009928B1 /* Headers */,
				01D540C01FA6224E00380DE3 /* ShellScript */,
			);
			buildRules = (
			);
			dependencies = (
			);
			name = EXP;
			productName = EXP;
			productReference = 01C9DB1A1FA4CAC4009928B1 /* libEXP.a */;
			productType = "com.apple.product-type.library.static";
		};
		01C9DB4F1FA4DFD9009928B1 /* exp_test */ = {
			isa = PBXNativeTarget;
			buildConfigurationList = 01C9DB541FA4DFD9009928B1 /* Build configuration list for PBXNativeTarget "exp_test" */;
			buildPhases = (
				01C9DB4C1FA4DFD9009928B1 /* Sources */,
				01C9DB4D1FA4DFD9009928B1 /* Frameworks */,
				01C9DB4E1FA4DFD9009928B1 /* CopyFiles */,
			);
			buildRules = (
			);
			dependencies = (
			);
			name = exp_test;
			productName = exp_test;
			productReference = 01C9DB501FA4DFD9009928B1 /* exp_test */;
			productType = "com.apple.product-type.tool";
		};
/* End PBXNativeTarget section */

/* Begin PBXProject section */
		01C9DB121FA4CAC4009928B1 /* Project object */ = {
			isa = PBXProject;
			attributes = {
				LastUpgradeCheck = 0900;
				ORGANIZATIONNAME = "Nick Fagan";
				TargetAttributes = {
					01C9DB191FA4CAC4009928B1 = {
						CreatedOnToolsVersion = 9.0.1;
						ProvisioningStyle = Automatic;
					};
					01C9DB4F1FA4DFD9009928B1 = {
						CreatedOnToolsVersion = 9.0.1;
						ProvisioningStyle = Automatic;
					};
				};
			};
			buildConfigurationList = 01C9DB151FA4CAC4009928B1 /* Build configuration list for PBXProject "EXP" */;
			compatibilityVersion = "Xcode 8.0";
			developmentRegion = en;
			hasScannedForEncodings = 0;
			knownRegions = (
				en,
			);
			mainGroup = 01C9DB111FA4CAC4009928B1;
			productRefGroup = 01C9DB1B1FA4CAC4009928B1 /* Products */;
			projectDirPath = "";
			projectRoot = "";
			targets = (
				01C9DB191FA4CAC4009928B1 /* EXP */,
				01C9DB4F1FA4DFD9009928B1 /* exp_test */,
			);
		};
/* End PBXProject section */

/* Begin PBXShellScriptBuildPhase section */
		01D540C01FA6224E00380DE3 /* ShellScript */ = {
			isa = PBXShellScriptBuildPhase;
			buildActionMask = 2147483647;
			files = (
			);
			inputPaths = (
			);
			outputPaths = (
			);
			runOnlyForDeploymentPostprocessing = 0;
			shellPath = /bin/sh;
			shellScript = "cp \"${BUILD_DIR}/${CONFIGURATION}/libEXP.a\" \"/usr/local/lib/libEXP.a\"\n\nif [ \"${CONFIGURATION}\" == \"Release\" ]; then\ncp \"${BUILD_DIR}/${CONFIGURATION}/libEXP.a\" \"${PROJECT_DIR}/lib/libEXP.a\"\nfi";
		};
/* End PBXShellScriptBuildPhase section */

/* Begin PBXSourcesBuildPhase section */
		01C9DB161FA4CAC4009928B1 /* Sources */ = {
			isa = PBXSourcesBuildPhase;
			buildActionMask = 2147483647;
			files = (
				01DAD9801FA808CA00EF8B43 /* exit_conditions.cpp in Sources */,
				01C9DB321FA4CD1E009928B1 /* TargetXY.cpp in Sources */,
				01DAAD001FAE99EB00C0A2E3 /* StatePrimitive.cpp in Sources */,
				01D540C81FA63C5E00380DE3 /* Timer.cpp in Sources */,
				01D2DF061FA6826A002AE43D /* Task.cpp in Sources */,
				01D540B41FA618F600380DE3 /* BoundsRectangle.cpp in Sources */,
				01D540C41FA6356A00380DE3 /* Keeper.cpp in Sources */,
				01C9DB581FA4E0A6009928B1 /* main.cpp in Sources */,
				01D2DF001FA67568002AE43D /* State.cpp in Sources */,
			);
			runOnlyForDeploymentPostprocessing = 0;
		};
		01C9DB4C1FA4DFD9009928B1 /* Sources */ = {
			isa = PBXSourcesBuildPhase;
			buildActionMask = 2147483647;
			files = (
				01C9DB591FA4E0BF009928B1 /* main.cpp in Sources */,
			);
			runOnlyForDeploymentPostprocessing = 0;
		};
/* End PBXSourcesBuildPhase section */

/* Begin XCBuildConfiguration section */
		01C9DB231FA4CAC4009928B1 /* Debug */ = {
			isa = XCBuildConfiguration;
			buildSettings = {
				ALWAYS_SEARCH_USER_PATHS = NO;
				CLANG_ANALYZER_NONNULL = YES;
				CLANG_ANALYZER_NUMBER_OBJECT_CONVERSION = YES_AGGRESSIVE;
				CLANG_CXX_LANGUAGE_STANDARD = "gnu++14";
				CLANG_CXX_LIBRARY = "libc++";
				CLANG_ENABLE_MODULES = YES;
				CLANG_ENABLE_OBJC_ARC = YES;
				CLANG_WARN_BLOCK_CAPTURE_AUTORELEASING = YES;
				CLANG_WARN_BOOL_CONVERSION = YES;
				CLANG_WARN_COMMA = YES;
				CLANG_WARN_CONSTANT_CONVERSION = YES;
				CLANG_WARN_DIRECT_OBJC_ISA_USAGE = YES_ERROR;
				CLANG_WARN_DOCUMENTATION_COMMENTS = YES;
				CLANG_WARN_EMPTY_BODY = YES;
				CLANG_WARN_ENUM_CONVERSION = YES;
				CLANG_WARN_INFINITE_RECURSION = YES;
				CLANG_WARN_INT_CONVERSION = YES;
				CLANG_WARN_NON_LITERAL_NULL_CONVERSION = YES;
				CLANG_WARN_OBJC_LITERAL_CONVERSION = YES;
				CLANG_WARN_OBJC_ROOT_CLASS = YES_ERROR;
				CLANG_WARN_RANGE_LOOP_ANALYSIS = YES;
				CLANG_WARN_STRICT_PROTOTYPES = YES;
				CLANG_WARN_SUSPICIOUS_MOVE = YES;
				CLANG_WARN_UNGUARDED_AVAILABILITY = YES_AGGRESSIVE;
				CLANG_WARN_UNREACHABLE_CODE = YES;
				CLANG_WARN__DUPLICATE_METHOD_MATCH = YES;
				CODE_SIGN_IDENTITY = "-";
				COPY_PHASE_STRIP = NO;
				DEBUG_INFORMATION_FORMAT = dwarf;
				ENABLE_STRICT_OBJC_MSGSEND = YES;
				ENABLE_TESTABILITY = YES;
				GCC_C_LANGUAGE_STANDARD = gnu11;
				GCC_DYNAMIC_NO_PIC = NO;
				GCC_NO_COMMON_BLOCKS = YES;
				GCC_OPTIMIZATION_LEVEL = 0;
				GCC_PREPROCESSOR_DEFINITIONS = (
					"DEBUG=1",
					"$(inherited)",
				);
				GCC_WARN_64_TO_32_BIT_CONVERSION = YES;
				GCC_WARN_ABOUT_RETURN_TYPE = YES_ERROR;
				GCC_WARN_UNDECLARED_SELECTOR = YES;
				GCC_WARN_UNINITIALIZED_AUTOS = YES_AGGRESSIVE;
				GCC_WARN_UNUSED_FUNCTION = YES;
				GCC_WARN_UNUSED_VARIABLE = YES;
				MACOSX_DEPLOYMENT_TARGET = 10.12;
				MTL_ENABLE_DEBUG_INFO = YES;
				ONLY_ACTIVE_ARCH = YES;
				SDKROOT = macosx;
			};
			name = Debug;
		};
		01C9DB241FA4CAC4009928B1 /* Release */ = {
			isa = XCBuildConfiguration;
			buildSettings = {
				ALWAYS_SEARCH_USER_PATHS = NO;
				CLANG_ANALYZER_NONNULL = YES;
				CLANG_ANALYZER_NUMBER_OBJECT_CONVERSION = YES_AGGRESSIVE;
				CLANG_CXX_LANGUAGE_STANDARD = "gnu++14";
				CLANG_CXX_LIBRARY = "libc++";
				CLANG_ENABLE_MODULES = YES;
				CLANG_ENABLE_OBJC_ARC = YES;
				CLANG_WARN_BLOCK_CAPTURE_AUTORELEASING = YES;
				CLANG_WARN_BOOL_CONVERSION = YES;
				CLANG_WARN_COMMA = YES;
				CLANG_WARN_CONSTANT_CONVERSION = YES;
				CLANG_WARN_DIRECT_OBJC_ISA_USAGE = YES_ERROR;
				CLANG_WARN_DOCUMENTATION_COMMENTS = YES;
				CLANG_WARN_EMPTY_BODY = YES;
				CLANG_WARN_ENUM_CONVERSION = YES;
				CLANG_WARN_INFINITE_RECURSION = YES;
				CLANG_WARN_INT_CONVERSION = YES;
				CLANG_WARN_NON_LITERAL_NULL_CONVERSION = YES;
				CLANG_WARN_OBJC_LITERAL_CONVERSION = YES;
				CLANG_WARN_OBJC_ROOT_CLASS = YES_ERROR;
				CLANG_WARN_RANGE_LOOP_ANALYSIS = YES;
				CLANG_WARN_STRICT_PROTOTYPES = YES;
				CLANG_WARN_SUSPICIOUS_MOVE = YES;
				CLANG_WARN_UNGUARDED_AVAILABILITY = YES_AGGRESSIVE;
				CLANG_WARN_UNREACHABLE_CODE = YES;
				CLANG_WARN__DUPLICATE_METHOD_MATCH = YES;
				CODE_SIGN_IDENTITY = "-";
				COPY_PHASE_STRIP = NO;
				DEBUG_INFORMATION_FORMAT = "dwarf-with-dsym";
				ENABLE_NS_ASSERTIONS = NO;
				ENABLE_STRICT_OBJC_MSGSEND = YES;
				GCC_C_LANGUAGE_STANDARD = gnu11;
				GCC_NO_COMMON_BLOCKS = YES;
				GCC_WARN_64_TO_32_BIT_CONVERSION = YES;
				GCC_WARN_ABOUT_RETURN_TYPE = YES_ERROR;
				GCC_WARN_UNDECLARED_SELECTOR = YES;
				GCC_WARN_UNINITIALIZED_AUTOS = YES_AGGRESSIVE;
				GCC_WARN_UNUSED_FUNCTION = YES;
				GCC_WARN_UNUSED_VARIABLE = YES;
				MACOSX_DEPLOYMENT_TARGET = 10.12;
				MTL_ENABLE_DEBUG_INFO = NO;
				SDKROOT = macosx;
			};
			name = Release;
		};
		01C9DB261FA4CAC4009928B1 /* Debug */ = {
			isa = XCBuildConfiguration;
			buildSettings = {
				CODE_SIGN_STYLE = Automatic;
				EXECUTABLE_PREFIX = lib;
				GCC_ENABLE_CPP_EXCEPTIONS = YES;
				GCC_ENABLE_CPP_RTTI = YES;
				HEADER_SEARCH_PATHS = (
					/Volumes/external/code/changlab/tasks/exp/EXPGL/include,
					/Volumes/external/code/changlab/tasks/exp/EXPGL,
					"$(PROJECT_DIR)/include",
					"$(PROJECT_DIR)",
					/Volumes/external/code/changlab/tasks/exp/EXPUtil/include,
				);
				LIBRARY_SEARCH_PATHS = /usr/local/lib;
				PRODUCT_NAME = "$(TARGET_NAME)";
			};
			name = Debug;
		};
		01C9DB271FA4CAC4009928B1 /* Release */ = {
			isa = XCBuildConfiguration;
			buildSettings = {
				CODE_SIGN_STYLE = Automatic;
				EXECUTABLE_PREFIX = lib;
				GCC_ENABLE_CPP_EXCEPTIONS = YES;
				GCC_ENABLE_CPP_RTTI = YES;
				HEADER_SEARCH_PATHS = (
					/Volumes/external/code/changlab/tasks/exp/EXPGL/include,
					/Volumes/external/code/changlab/tasks/exp/EXPGL,
					"$(PROJECT_DIR)/include",
					"$(PROJECT_DIR)",
					/Volumes/external/code/changlab/tasks/exp/EXPUtil/include,
				);
				LIBRARY_SEARCH_PATHS = /usr/local/lib;
				PRODUCT_NAME = "$(TARGET_NAME)";
			};
			name = Release;
		};
		01C9DB551FA4DFD9009928B1 /* Debug */ = {
			isa = XCBuildConfiguration;
			buildSettings = {
				CODE_SIGN_STYLE = Automatic;
				HEADER_SEARCH_PATHS = (
					"$(PROJECT_DIR)",
					"$(PROJECT_DIR)/include",
					/Volumes/external/code/changlab/tasks/exp/EXPGL,
					/Volumes/external/code/changlab/tasks/exp/EXPGL/include,
					/Volumes/external/code/changlab/tasks/exp/EXPUtil/include,
				);
				LIBRARY_SEARCH_PATHS = /usr/local/lib;
				PRODUCT_NAME = "$(TARGET_NAME)";
			};
			name = Debug;
		};
		01C9DB561FA4DFD9009928B1 /* Release */ = {
			isa = XCBuildConfiguration;
			buildSettings = {
				CODE_SIGN_STYLE = Automatic;
				HEADER_SEARCH_PATHS = (
					"$(PROJECT_DIR)",
					"$(PROJECT_DIR)/include",
					/Volumes/external/code/changlab/tasks/exp/EXPGL,
					/Volumes/external/code/changlab/tasks/exp/EXPGL/include,
					/Volumes/external/code/changlab/tasks/exp/EXPUtil/include,
				);
				LIBRARY_SEARCH_PATHS = /usr/local/lib;
				PRODUCT_NAME = "$(TARGET_NAME)";
			};
			name = Release;
		};
/* End XCBuildConfiguration section */

/* Begin XCConfigurationList section */
		01C9DB151FA4CAC4009928B1 /* Build configuration list for PBXProject "EXP" */ = {
			isa = XCConfigurationList;
			buildConfigurations = (
				01C9DB231FA4CAC4009928B1 /* Debug */,
				01C9DB241FA4CAC4009928B1 /* Release */,
			);
			defaultConfigurationIsVisible = 0;
			defaultConfigurationName = Release;
		};
		01C9DB251FA4CAC4009928B1 /* Build configuration list for PBXNativeTarget "EXP" */ = {
			isa = XCConfigurationList;
			buildConfigurations = (
				01C9DB261FA4CAC4009928B1 /* Debug */,
				01C9DB271FA4CAC4009928B1 /* Release */,
			);
			defaultConfigurationIsVisible = 0;
			defaultConfigurationName = Release;
		};
		01C9DB541FA4DFD9009928B1 /* Build configuration list for PBXNativeTarget "exp_test" */ = {
			isa = XCConfigurationList;
			buildConfigurations = (
				01C9DB551FA4DFD9009928B1 /* Debug */,
				01C9DB561FA4DFD9009928B1 /* Release */,
			);
			defaultConfigurationIsVisible = 0;
			defaultConfigurationName = Release;
		};
/* End XCConfigurationList section */
	};
	rootObject = 01C9DB121FA4CAC4009928B1 /* Project object */;
}
